
Microsoft Visual Studio Solution File, Format Version 12.00
# Visual Studio Version 16
VisualStudioVersion = 16.0.30907.101
MinimumVisualStudioVersion = 10.0.40219.1
Project("{9A19103F-16F7-4668-BE54-9A1E7A4F7556}") = "Garage-Ö5", "Garage-Ö5\Garage-Ö5.csproj", "{10B4857F-B5AC-403B-8F29-66FFF96A13B3}"
EndProject
Global
	GlobalSection(SolutionConfigurationPlatforms) = preSolution
		Debug|Any CPU = Debug|Any CPU
		Release|Any CPU = Release|Any CPU
	EndGlobalSection
	GlobalSection(ProjectConfigurationPlatforms) = postSolution
		{10B4857F-B5AC-403B-8F29-66FFF96A13B3}.Debug|Any CPU.ActiveCfg = Debug|Any CPU
		{10B4857F-B5AC-403B-8F29-66FFF96A13B3}.Debug|Any CPU.Build.0 = Debug|Any CPU
		{10B4857F-B5AC-403B-8F29-66FFF96A13B3}.Release|Any CPU.ActiveCfg = Release|Any CPU
		{10B4857F-B5AC-403B-8F29-66FFF96A13B3}.Release|Any CPU.Build.0 = Release|Any CPU
	EndGlobalSection
	GlobalSection(SolutionProperties) = preSolution
		HideSolutionNode = FALSE
	EndGlobalSection
	GlobalSection(ExtensibilityGlobals) = postSolution
		SolutionGuid = {530FE5CD-BE5C-41C4-B155-CA1EEFD5F47B}
	EndGlobalSection
EndGlobal
